
Microsoft Visual Studio Solution File, Format Version 12.00
# Visual Studio Version 17
VisualStudioVersion = 17.13.35825.156 d17.13
MinimumVisualStudioVersion = 10.0.40219.1
Project("{FAE04EC0-301F-11D3-BF4B-00C04F79EFBC}") = "Veenhoop", "Veenhoop.csproj", "{5E9ED0A0-66FB-4371-B821-3ECF530F6015}"
EndProject
Global
	GlobalSection(SolutionConfigurationPlatforms) = preSolution
		Debug|Any CPU = Debug|Any CPU
		Release|Any CPU = Release|Any CPU
	EndGlobalSection
	GlobalSection(ProjectConfigurationPlatforms) = postSolution
		{5E9ED0A0-66FB-4371-B821-3ECF530F6015}.Debug|Any CPU.ActiveCfg = Debug|Any CPU
		{5E9ED0A0-66FB-4371-B821-3ECF530F6015}.Debug|Any CPU.Build.0 = Debug|Any CPU
		{5E9ED0A0-66FB-4371-B821-3ECF530F6015}.Release|Any CPU.ActiveCfg = Release|Any CPU
		{5E9ED0A0-66FB-4371-B821-3ECF530F6015}.Release|Any CPU.Build.0 = Release|Any CPU
	EndGlobalSection
	GlobalSection(SolutionProperties) = preSolution
		HideSolutionNode = FALSE
	EndGlobalSection
	GlobalSection(ExtensibilityGlobals) = postSolution
		SolutionGuid = {33CCEB4D-385F-4940-B1D7-D8EB2B2A3FEE}
	EndGlobalSection
EndGlobal
